
Microsoft Visual Studio Solution File, Format Version 12.00
# Visual Studio 15
Project("{FAE04EC0-301F-11D3-BF4B-00C04F79EFBC}") = "Assembly-CSharp", "Assembly-CSharp.csproj", "{90D27BF0-A34B-BBE1-89C2-7FA69DAE3FDE}"
EndProject
Global
	GlobalSection(SolutionConfigurationPlatforms) = preSolution
		Debug|Any CPU = Debug|Any CPU
		Release|Any CPU = Release|Any CPU
	EndGlobalSection
	GlobalSection(ProjectConfigurationPlatforms) = postSolution
		{90D27BF0-A34B-BBE1-89C2-7FA69DAE3FDE}.Debug|Any CPU.ActiveCfg = Debug|Any CPU
		{90D27BF0-A34B-BBE1-89C2-7FA69DAE3FDE}.Debug|Any CPU.Build.0 = Debug|Any CPU
		{90D27BF0-A34B-BBE1-89C2-7FA69DAE3FDE}.Release|Any CPU.ActiveCfg = Release|Any CPU
		{90D27BF0-A34B-BBE1-89C2-7FA69DAE3FDE}.Release|Any CPU.Build.0 = Release|Any CPU
	EndGlobalSection
	GlobalSection(SolutionProperties) = preSolution
		HideSolutionNode = FALSE
	EndGlobalSection
EndGlobal
